
Microsoft Visual Studio Solution File, Format Version 12.00
# Visual Studio Version 16
VisualStudioVersion = 16.0.29613.14
MinimumVisualStudioVersion = 10.0.40219.1
Project("{FAE04EC0-301F-11D3-BF4B-00C04F79EFBC}") = "DeloitteTestApp", "DeloitteTestApp\DeloitteTestApp.csproj", "{E607273F-BA66-4D09-9785-43C747E5B283}"
EndProject
Global
	GlobalSection(SolutionConfigurationPlatforms) = preSolution
		Debug|Any CPU = Debug|Any CPU
		Release|Any CPU = Release|Any CPU
	EndGlobalSection
	GlobalSection(ProjectConfigurationPlatforms) = postSolution
		{E607273F-BA66-4D09-9785-43C747E5B283}.Debug|Any CPU.ActiveCfg = Debug|Any CPU
		{E607273F-BA66-4D09-9785-43C747E5B283}.Debug|Any CPU.Build.0 = Debug|Any CPU
		{E607273F-BA66-4D09-9785-43C747E5B283}.Release|Any CPU.ActiveCfg = Release|Any CPU
		{E607273F-BA66-4D09-9785-43C747E5B283}.Release|Any CPU.Build.0 = Release|Any CPU
	EndGlobalSection
	GlobalSection(SolutionProperties) = preSolution
		HideSolutionNode = FALSE
	EndGlobalSection
	GlobalSection(ExtensibilityGlobals) = postSolution
		SolutionGuid = {6187A32D-5D52-412E-B252-7F78AD6B563E}
	EndGlobalSection
EndGlobal
